{
  "requires": true,
  "lockfileVersion": 1,
  "dependencies": {
    "commander": {
      "version": "1.1.1",
      "resolved": "https://registry.npmjs.org/commander/-/commander-1.1.1.tgz",
      "integrity": "sha1-UNFlGGiuYOzP8KLZ80WVN2vGsEE=",
      "requires": {
        "keypress": "0.1.x"
      }
    },
    "dayjs": {
      "version": "1.10.5",
      "resolved": "https://registry.npmjs.org/dayjs/-/dayjs-1.10.5.tgz",
      "integrity": "sha512-BUFis41ikLz+65iH6LHQCDm4YPMj5r1YFLdupPIyM4SGcXMmtiLQ7U37i+hGS8urIuqe7I/ou3IS1jVc4nbN4g=="
    },
    "keypress": {
      "version": "0.1.0",
      "resolved": "https://registry.npmjs.org/keypress/-/keypress-0.1.0.tgz",
      "integrity": "sha1-SjGI1CkbZrT2XtuZ+AaqmuKTWSo="
    },
    "object-assign": {
      "version": "4.1.1",
      "resolved": "https://registry.npmjs.org/object-assign/-/object-assign-4.1.1.tgz",
      "integrity": "sha1-IQmtx5ZYh8/AXLvUQsrIv7s2CGM="
    }
  }
}
